{
  "name": "4-custom-test",
  "version": "1.0.0",
  "lockfileVersion": 1,
  "requires": true,
  "dependencies": {
    "salary-random-function": {
      "version": "1.0.0",
      "resolved": "https://registry.npmjs.org/salary-random-function/-/salary-random-function-1.0.0.tgz",
      "integrity": "sha512-0Rsf5rtgNJ1CV++DWvj79fApfL0i/L03Sd7MBQmXrLFNUOdEMHG4E+YBF2BFtBaz/ITx/z61KlqG/E0IwzeW/w=="
    }
  }
}
